
Microsoft Visual Studio Solution File, Format Version 12.00
# Visual Studio Version 17
VisualStudioVersion = 17.0.31903.59
MinimumVisualStudioVersion = 10.0.40219.1
Project("{2150E333-8FDC-42A3-9474-1A3956D46DE8}") = "src", "src", "{827E0CD3-B72D-47B6-A68D-7590B98EB39B}"
EndProject
Project("{FAE04EC0-301F-11D3-BF4B-00C04F79EFBC}") = "FocusMind.DBEntity", "src\FocusMind.DBEntity\FocusMind.DBEntity.csproj", "{C5D81995-7020-4BA2-B906-D062D8A70B1B}"
EndProject
Project("{FAE04EC0-301F-11D3-BF4B-00C04F79EFBC}") = "FocusMind.DTO", "src\FocusMind.DTO\FocusMind.DTO.csproj", "{E56C712E-77E6-4C4E-B0B5-042746927ECD}"
EndProject
Project("{FAE04EC0-301F-11D3-BF4B-00C04F79EFBC}") = "FocusMind.DBContext", "src\FocusMind.DBContext\FocusMind.DBContext.csproj", "{618D0E4B-52C1-4BB4-ADF9-AC4461428B38}"
EndProject
Project("{FAE04EC0-301F-11D3-BF4B-00C04F79EFBC}") = "FocusMind.Business", "src\FocusMind.Business\FocusMind.Business.csproj", "{D47ED6D7-41BD-4096-AAC4-0AE1A0C85D9D}"
EndProject
Project("{FAE04EC0-301F-11D3-BF4B-00C04F79EFBC}") = "FocusMind.API", "src\FocusMind.API\FocusMind.API.csproj", "{1D9928D5-7353-4CAA-9AA6-55091C925E9F}"
EndProject
Project("{2150E333-8FDC-42A3-9474-1A3956D46DE8}") = "tests", "tests", "{0AB3BF05-4346-4AA6-1389-037BE0695223}"
EndProject
Project("{FAE04EC0-301F-11D3-BF4B-00C04F79EFBC}") = "FocusMind.UnitTest", "tests\FocusMind.UnitTest\FocusMind.UnitTest.csproj", "{2595FE86-B160-40CF-8787-5F26C368A3B4}"
EndProject
Global
	GlobalSection(SolutionConfigurationPlatforms) = preSolution
		Debug|Any CPU = Debug|Any CPU
		Debug|x64 = Debug|x64
		Debug|x86 = Debug|x86
		Release|Any CPU = Release|Any CPU
		Release|x64 = Release|x64
		Release|x86 = Release|x86
	EndGlobalSection
	GlobalSection(ProjectConfigurationPlatforms) = postSolution
		{C5D81995-7020-4BA2-B906-D062D8A70B1B}.Debug|Any CPU.ActiveCfg = Debug|Any CPU
		{C5D81995-7020-4BA2-B906-D062D8A70B1B}.Debug|Any CPU.Build.0 = Debug|Any CPU
		{C5D81995-7020-4BA2-B906-D062D8A70B1B}.Debug|x64.ActiveCfg = Debug|Any CPU
		{C5D81995-7020-4BA2-B906-D062D8A70B1B}.Debug|x64.Build.0 = Debug|Any CPU
		{C5D81995-7020-4BA2-B906-D062D8A70B1B}.Debug|x86.ActiveCfg = Debug|Any CPU
		{C5D81995-7020-4BA2-B906-D062D8A70B1B}.Debug|x86.Build.0 = Debug|Any CPU
		{C5D81995-7020-4BA2-B906-D062D8A70B1B}.Release|Any CPU.ActiveCfg = Release|Any CPU
		{C5D81995-7020-4BA2-B906-D062D8A70B1B}.Release|Any CPU.Build.0 = Release|Any CPU
		{C5D81995-7020-4BA2-B906-D062D8A70B1B}.Release|x64.ActiveCfg = Release|Any CPU
		{C5D81995-7020-4BA2-B906-D062D8A70B1B}.Release|x64.Build.0 = Release|Any CPU
		{C5D81995-7020-4BA2-B906-D062D8A70B1B}.Release|x86.ActiveCfg = Release|Any CPU
		{C5D81995-7020-4BA2-B906-D062D8A70B1B}.Release|x86.Build.0 = Release|Any CPU
		{E56C712E-77E6-4C4E-B0B5-042746927ECD}.Debug|Any CPU.ActiveCfg = Debug|Any CPU
		{E56C712E-77E6-4C4E-B0B5-042746927ECD}.Debug|Any CPU.Build.0 = Debug|Any CPU
		{E56C712E-77E6-4C4E-B0B5-042746927ECD}.Debug|x64.ActiveCfg = Debug|Any CPU
		{E56C712E-77E6-4C4E-B0B5-042746927ECD}.Debug|x64.Build.0 = Debug|Any CPU
		{E56C712E-77E6-4C4E-B0B5-042746927ECD}.Debug|x86.ActiveCfg = Debug|Any CPU
		{E56C712E-77E6-4C4E-B0B5-042746927ECD}.Debug|x86.Build.0 = Debug|Any CPU
		{E56C712E-77E6-4C4E-B0B5-042746927ECD}.Release|Any CPU.ActiveCfg = Release|Any CPU
		{E56C712E-77E6-4C4E-B0B5-042746927ECD}.Release|Any CPU.Build.0 = Release|Any CPU
		{E56C712E-77E6-4C4E-B0B5-042746927ECD}.Release|x64.ActiveCfg = Release|Any CPU
		{E56C712E-77E6-4C4E-B0B5-042746927ECD}.Release|x64.Build.0 = Release|Any CPU
		{E56C712E-77E6-4C4E-B0B5-042746927ECD}.Release|x86.ActiveCfg = Release|Any CPU
		{E56C712E-77E6-4C4E-B0B5-042746927ECD}.Release|x86.Build.0 = Release|Any CPU
		{618D0E4B-52C1-4BB4-ADF9-AC4461428B38}.Debug|Any CPU.ActiveCfg = Debug|Any CPU
		{618D0E4B-52C1-4BB4-ADF9-AC4461428B38}.Debug|Any CPU.Build.0 = Debug|Any CPU
		{618D0E4B-52C1-4BB4-ADF9-AC4461428B38}.Debug|x64.ActiveCfg = Debug|Any CPU
		{618D0E4B-52C1-4BB4-ADF9-AC4461428B38}.Debug|x64.Build.0 = Debug|Any CPU
		{618D0E4B-52C1-4BB4-ADF9-AC4461428B38}.Debug|x86.ActiveCfg = Debug|Any CPU
		{618D0E4B-52C1-4BB4-ADF9-AC4461428B38}.Debug|x86.Build.0 = Debug|Any CPU
		{618D0E4B-52C1-4BB4-ADF9-AC4461428B38}.Release|Any CPU.ActiveCfg = Release|Any CPU
		{618D0E4B-52C1-4BB4-ADF9-AC4461428B38}.Release|Any CPU.Build.0 = Release|Any CPU
		{618D0E4B-52C1-4BB4-ADF9-AC4461428B38}.Release|x64.ActiveCfg = Release|Any CPU
		{618D0E4B-52C1-4BB4-ADF9-AC4461428B38}.Release|x64.Build.0 = Release|Any CPU
		{618D0E4B-52C1-4BB4-ADF9-AC4461428B38}.Release|x86.ActiveCfg = Release|Any CPU
		{618D0E4B-52C1-4BB4-ADF9-AC4461428B38}.Release|x86.Build.0 = Release|Any CPU
		{D47ED6D7-41BD-4096-AAC4-0AE1A0C85D9D}.Debug|Any CPU.ActiveCfg = Debug|Any CPU
		{D47ED6D7-41BD-4096-AAC4-0AE1A0C85D9D}.Debug|Any CPU.Build.0 = Debug|Any CPU
		{D47ED6D7-41BD-4096-AAC4-0AE1A0C85D9D}.Debug|x64.ActiveCfg = Debug|Any CPU
		{D47ED6D7-41BD-4096-AAC4-0AE1A0C85D9D}.Debug|x64.Build.0 = Debug|Any CPU
		{D47ED6D7-41BD-4096-AAC4-0AE1A0C85D9D}.Debug|x86.ActiveCfg = Debug|Any CPU
		{D47ED6D7-41BD-4096-AAC4-0AE1A0C85D9D}.Debug|x86.Build.0 = Debug|Any CPU
		{D47ED6D7-41BD-4096-AAC4-0AE1A0C85D9D}.Release|Any CPU.ActiveCfg = Release|Any CPU
		{D47ED6D7-41BD-4096-AAC4-0AE1A0C85D9D}.Release|Any CPU.Build.0 = Release|Any CPU
		{D47ED6D7-41BD-4096-AAC4-0AE1A0C85D9D}.Release|x64.ActiveCfg = Release|Any CPU
		{D47ED6D7-41BD-4096-AAC4-0AE1A0C85D9D}.Release|x64.Build.0 = Release|Any CPU
		{D47ED6D7-41BD-4096-AAC4-0AE1A0C85D9D}.Release|x86.ActiveCfg = Release|Any CPU
		{D47ED6D7-41BD-4096-AAC4-0AE1A0C85D9D}.Release|x86.Build.0 = Release|Any CPU
		{1D9928D5-7353-4CAA-9AA6-55091C925E9F}.Debug|Any CPU.ActiveCfg = Debug|Any CPU
		{1D9928D5-7353-4CAA-9AA6-55091C925E9F}.Debug|Any CPU.Build.0 = Debug|Any CPU
		{1D9928D5-7353-4CAA-9AA6-55091C925E9F}.Debug|x64.ActiveCfg = Debug|Any CPU
		{1D9928D5-7353-4CAA-9AA6-55091C925E9F}.Debug|x64.Build.0 = Debug|Any CPU
		{1D9928D5-7353-4CAA-9AA6-55091C925E9F}.Debug|x86.ActiveCfg = Debug|Any CPU
		{1D9928D5-7353-4CAA-9AA6-55091C925E9F}.Debug|x86.Build.0 = Debug|Any CPU
		{1D9928D5-7353-4CAA-9AA6-55091C925E9F}.Release|Any CPU.ActiveCfg = Release|Any CPU
		{1D9928D5-7353-4CAA-9AA6-55091C925E9F}.Release|Any CPU.Build.0 = Release|Any CPU
		{1D9928D5-7353-4CAA-9AA6-55091C925E9F}.Release|x64.ActiveCfg = Release|Any CPU
		{1D9928D5-7353-4CAA-9AA6-55091C925E9F}.Release|x64.Build.0 = Release|Any CPU
		{1D9928D5-7353-4CAA-9AA6-55091C925E9F}.Release|x86.ActiveCfg = Release|Any CPU
		{1D9928D5-7353-4CAA-9AA6-55091C925E9F}.Release|x86.Build.0 = Release|Any CPU
		{2595FE86-B160-40CF-8787-5F26C368A3B4}.Debug|Any CPU.ActiveCfg = Debug|Any CPU
		{2595FE86-B160-40CF-8787-5F26C368A3B4}.Debug|Any CPU.Build.0 = Debug|Any CPU
		{2595FE86-B160-40CF-8787-5F26C368A3B4}.Debug|x64.ActiveCfg = Debug|Any CPU
		{2595FE86-B160-40CF-8787-5F26C368A3B4}.Debug|x64.Build.0 = Debug|Any CPU
		{2595FE86-B160-40CF-8787-5F26C368A3B4}.Debug|x86.ActiveCfg = Debug|Any CPU
		{2595FE86-B160-40CF-8787-5F26C368A3B4}.Debug|x86.Build.0 = Debug|Any CPU
		{2595FE86-B160-40CF-8787-5F26C368A3B4}.Release|Any CPU.ActiveCfg = Release|Any CPU
		{2595FE86-B160-40CF-8787-5F26C368A3B4}.Release|Any CPU.Build.0 = Release|Any CPU
		{2595FE86-B160-40CF-8787-5F26C368A3B4}.Release|x64.ActiveCfg = Release|Any CPU
		{2595FE86-B160-40CF-8787-5F26C368A3B4}.Release|x64.Build.0 = Release|Any CPU
		{2595FE86-B160-40CF-8787-5F26C368A3B4}.Release|x86.ActiveCfg = Release|Any CPU
		{2595FE86-B160-40CF-8787-5F26C368A3B4}.Release|x86.Build.0 = Release|Any CPU
	EndGlobalSection
	GlobalSection(SolutionProperties) = preSolution
		HideSolutionNode = FALSE
	EndGlobalSection
	GlobalSection(NestedProjects) = preSolution
		{C5D81995-7020-4BA2-B906-D062D8A70B1B} = {827E0CD3-B72D-47B6-A68D-7590B98EB39B}
		{E56C712E-77E6-4C4E-B0B5-042746927ECD} = {827E0CD3-B72D-47B6-A68D-7590B98EB39B}
		{618D0E4B-52C1-4BB4-ADF9-AC4461428B38} = {827E0CD3-B72D-47B6-A68D-7590B98EB39B}
		{D47ED6D7-41BD-4096-AAC4-0AE1A0C85D9D} = {827E0CD3-B72D-47B6-A68D-7590B98EB39B}
		{1D9928D5-7353-4CAA-9AA6-55091C925E9F} = {827E0CD3-B72D-47B6-A68D-7590B98EB39B}
		{2595FE86-B160-40CF-8787-5F26C368A3B4} = {0AB3BF05-4346-4AA6-1389-037BE0695223}
	EndGlobalSection
EndGlobal
